// !$*UTF8*$!
{
	archiveVersion = 1;
	classes = {
	};
	objectVersion = 56;
	objects = {

/* Begin PBXBuildFile section */
		3B31E7DA2C948DB8007D01FA /* Storage in Frameworks */ = {isa = PBXBuildFile; productRef = 3B31E7D92C948DB8007D01FA /* Storage */; };
		3B31E7DC2C948DE2007D01FA /* WeatherDataSource.swift in Sources */ = {isa = PBXBuildFile; fileRef = 3B31E7DB2C948DE2007D01FA /* WeatherDataSource.swift */; };
		3B49ED382C91D73E00EB4698 /* Environment.swift in Sources */ = {isa = PBXBuildFile; fileRef = 3B49ED372C91D73E00EB4698 /* Environment.swift */; };
		3B49ED3B2C91D75F00EB4698 /* WeatherData in Frameworks */ = {isa = PBXBuildFile; productRef = 3B49ED3A2C91D75F00EB4698 /* WeatherData */; };
		3B49ED452C9303CC00EB4698 /* LocationData in Frameworks */ = {isa = PBXBuildFile; productRef = 3B49ED442C9303CC00EB4698 /* LocationData */; };
		3B49ED472C9303CD00EB4698 /* Reminder in Frameworks */ = {isa = PBXBuildFile; productRef = 3B49ED462C9303CD00EB4698 /* Reminder */; };
		3B49ED4A2C930F3D00EB4698 /* NotificationsManager.swift in Sources */ = {isa = PBXBuildFile; fileRef = 3B49ED492C930F3D00EB4698 /* NotificationsManager.swift */; };
		3B49ED4E2C93798100EB4698 /* CityModel.swift in Sources */ = {isa = PBXBuildFile; fileRef = 3B49ED4D2C93798100EB4698 /* CityModel.swift */; };
		3B49ED522C937A4700EB4698 /* CitiesViewModel.swift in Sources */ = {isa = PBXBuildFile; fileRef = 3B49ED512C937A4700EB4698 /* CitiesViewModel.swift */; };
		3B49ED552C937A7300EB4698 /* WeatherRepository.swift in Sources */ = {isa = PBXBuildFile; fileRef = 3B49ED542C937A7300EB4698 /* WeatherRepository.swift */; };
		3B49ED582C937DE400EB4698 /* CityTableViewCell.swift in Sources */ = {isa = PBXBuildFile; fileRef = 3B49ED572C937DE400EB4698 /* CityTableViewCell.swift */; };
		3B49ED5F2C9390A700EB4698 /* AddCityViewModel.swift in Sources */ = {isa = PBXBuildFile; fileRef = 3B49ED5E2C9390A700EB4698 /* AddCityViewModel.swift */; };
		3B49ED612C9390CF00EB4698 /* AddCityViewController.swift in Sources */ = {isa = PBXBuildFile; fileRef = 3B49ED602C9390CF00EB4698 /* AddCityViewController.swift */; };
		3B49ED642C93B92000EB4698 /* Double-extension.swift in Sources */ = {isa = PBXBuildFile; fileRef = 3B49ED632C93B92000EB4698 /* Double-extension.swift */; };
		3B49ED692C93BE6C00EB4698 /* RemoteImage in Frameworks */ = {isa = PBXBuildFile; productRef = 3B49ED682C93BE6C00EB4698 /* RemoteImage */; };
		3B49ED6C2C93D19700EB4698 /* WeatherViewController.swift in Sources */ = {isa = PBXBuildFile; fileRef = 3B49ED6B2C93D19700EB4698 /* WeatherViewController.swift */; };
		3B49ED6E2C94746F00EB4698 /* MockRepository.swift in Sources */ = {isa = PBXBuildFile; fileRef = 3B49ED6D2C94746F00EB4698 /* MockRepository.swift */; };
		3B49ED702C94754500EB4698 /* WeatherRepositoryProtocol.swift in Sources */ = {isa = PBXBuildFile; fileRef = 3B49ED6F2C94754500EB4698 /* WeatherRepositoryProtocol.swift */; };
		3B49ED722C9475E200EB4698 /* CurrentWeatherHeaderView.swift in Sources */ = {isa = PBXBuildFile; fileRef = 3B49ED712C9475E200EB4698 /* CurrentWeatherHeaderView.swift */; };
		3B49ED742C94760A00EB4698 /* DailyWeatherTableViewCell.swift in Sources */ = {isa = PBXBuildFile; fileRef = 3B49ED732C94760A00EB4698 /* DailyWeatherTableViewCell.swift */; };
		3B49ED772C94765C00EB4698 /* WeatherViewModel.swift in Sources */ = {isa = PBXBuildFile; fileRef = 3B49ED762C94765C00EB4698 /* WeatherViewModel.swift */; };
		3B49ED792C94791100EB4698 /* UINavigationController-extension.swift in Sources */ = {isa = PBXBuildFile; fileRef = 3B49ED782C94791100EB4698 /* UINavigationController-extension.swift */; };
		3B79B74B2C94CB8900F11E53 /* EmptyStateView.swift in Sources */ = {isa = PBXBuildFile; fileRef = 3B79B74A2C94CB8900F11E53 /* EmptyStateView.swift */; };
		3B7BE1672C91C2B500718845 /* AppDelegate.swift in Sources */ = {isa = PBXBuildFile; fileRef = 3B7BE1662C91C2B500718845 /* AppDelegate.swift */; };
		3B7BE1692C91C2B500718845 /* SceneDelegate.swift in Sources */ = {isa = PBXBuildFile; fileRef = 3B7BE1682C91C2B500718845 /* SceneDelegate.swift */; };
		3B7BE16B2C91C2B500718845 /* CitiesViewController.swift in Sources */ = {isa = PBXBuildFile; fileRef = 3B7BE16A2C91C2B500718845 /* CitiesViewController.swift */; };
		3B7BE1702C91C2B700718845 /* Assets.xcassets in Resources */ = {isa = PBXBuildFile; fileRef = 3B7BE16F2C91C2B700718845 /* Assets.xcassets */; };
		3B7BE1732C91C2B700718845 /* Base in Resources */ = {isa = PBXBuildFile; fileRef = 3B7BE1722C91C2B700718845 /* Base */; };
		3B7BE17E2C91C2B700718845 /* WeatherCheckTests.swift in Sources */ = {isa = PBXBuildFile; fileRef = 3B7BE17D2C91C2B700718845 /* WeatherCheckTests.swift */; };
		3B7BE1882C91C2B700718845 /* WeatherCheckUITests.swift in Sources */ = {isa = PBXBuildFile; fileRef = 3B7BE1872C91C2B700718845 /* WeatherCheckUITests.swift */; };
		3B7BE18A2C91C2B700718845 /* WeatherCheckUITestsLaunchTests.swift in Sources */ = {isa = PBXBuildFile; fileRef = 3B7BE1892C91C2B700718845 /* WeatherCheckUITestsLaunchTests.swift */; };
/* End PBXBuildFile section */

/* Begin PBXContainerItemProxy section */
		3B7BE17A2C91C2B700718845 /* PBXContainerItemProxy */ = {
			isa = PBXContainerItemProxy;
			containerPortal = 3B7BE15B2C91C2B500718845 /* Project object */;
			proxyType = 1;
			remoteGlobalIDString = 3B7BE1622C91C2B500718845;
			remoteInfo = WeatherCheck;
		};
		3B7BE1842C91C2B700718845 /* PBXContainerItemProxy */ = {
			isa = PBXContainerItemProxy;
			containerPortal = 3B7BE15B2C91C2B500718845 /* Project object */;
			proxyType = 1;
			remoteGlobalIDString = 3B7BE1622C91C2B500718845;
			remoteInfo = WeatherCheck;
		};
/* End PBXContainerItemProxy section */

/* Begin PBXFileReference section */
		3B31E7D82C948DA2007D01FA /* Storage */ = {isa = PBXFileReference; lastKnownFileType = wrapper; path = Storage; sourceTree = "<group>"; };
		3B31E7DB2C948DE2007D01FA /* WeatherDataSource.swift */ = {isa = PBXFileReference; lastKnownFileType = sourcecode.swift; path = WeatherDataSource.swift; sourceTree = "<group>"; };
		3B49ED362C91D70B00EB4698 /* WeatherData */ = {isa = PBXFileReference; lastKnownFileType = wrapper; path = WeatherData; sourceTree = "<group>"; };
		3B49ED372C91D73E00EB4698 /* Environment.swift */ = {isa = PBXFileReference; lastKnownFileType = sourcecode.swift; path = Environment.swift; sourceTree = "<group>"; };
		3B49ED3D2C91E03300EB4698 /* LocationData */ = {isa = PBXFileReference; lastKnownFileType = wrapper; path = LocationData; sourceTree = "<group>"; };
		3B49ED432C92582800EB4698 /* Reminder */ = {isa = PBXFileReference; lastKnownFileType = wrapper; path = Reminder; sourceTree = "<group>"; };
		3B49ED492C930F3D00EB4698 /* NotificationsManager.swift */ = {isa = PBXFileReference; lastKnownFileType = sourcecode.swift; path = NotificationsManager.swift; sourceTree = "<group>"; };
		3B49ED4B2C936D2E00EB4698 /* WeatherCheck.entitlements */ = {isa = PBXFileReference; lastKnownFileType = text.plist.entitlements; path = WeatherCheck.entitlements; sourceTree = "<group>"; };
		3B49ED4D2C93798100EB4698 /* CityModel.swift */ = {isa = PBXFileReference; lastKnownFileType = sourcecode.swift; path = CityModel.swift; sourceTree = "<group>"; };
		3B49ED512C937A4700EB4698 /* CitiesViewModel.swift */ = {isa = PBXFileReference; lastKnownFileType = sourcecode.swift; path = CitiesViewModel.swift; sourceTree = "<group>"; };
		3B49ED542C937A7300EB4698 /* WeatherRepository.swift */ = {isa = PBXFileReference; lastKnownFileType = sourcecode.swift; path = WeatherRepository.swift; sourceTree = "<group>"; };
		3B49ED572C937DE400EB4698 /* CityTableViewCell.swift */ = {isa = PBXFileReference; lastKnownFileType = sourcecode.swift; path = CityTableViewCell.swift; sourceTree = "<group>"; };
		3B49ED5E2C9390A700EB4698 /* AddCityViewModel.swift */ = {isa = PBXFileReference; lastKnownFileType = sourcecode.swift; path = AddCityViewModel.swift; sourceTree = "<group>"; };
		3B49ED602C9390CF00EB4698 /* AddCityViewController.swift */ = {isa = PBXFileReference; lastKnownFileType = sourcecode.swift; path = AddCityViewController.swift; sourceTree = "<group>"; };
		3B49ED632C93B92000EB4698 /* Double-extension.swift */ = {isa = PBXFileReference; lastKnownFileType = sourcecode.swift; path = "Double-extension.swift"; sourceTree = "<group>"; };
		3B49ED672C93BDF900EB4698 /* RemoteImage */ = {isa = PBXFileReference; lastKnownFileType = wrapper; path = RemoteImage; sourceTree = "<group>"; };
		3B49ED6B2C93D19700EB4698 /* WeatherViewController.swift */ = {isa = PBXFileReference; lastKnownFileType = sourcecode.swift; path = WeatherViewController.swift; sourceTree = "<group>"; };
		3B49ED6D2C94746F00EB4698 /* MockRepository.swift */ = {isa = PBXFileReference; lastKnownFileType = sourcecode.swift; path = MockRepository.swift; sourceTree = "<group>"; };
		3B49ED6F2C94754500EB4698 /* WeatherRepositoryProtocol.swift */ = {isa = PBXFileReference; lastKnownFileType = sourcecode.swift; path = WeatherRepositoryProtocol.swift; sourceTree = "<group>"; };
		3B49ED712C9475E200EB4698 /* CurrentWeatherHeaderView.swift */ = {isa = PBXFileReference; lastKnownFileType = sourcecode.swift; path = CurrentWeatherHeaderView.swift; sourceTree = "<group>"; };
		3B49ED732C94760A00EB4698 /* DailyWeatherTableViewCell.swift */ = {isa = PBXFileReference; lastKnownFileType = sourcecode.swift; path = DailyWeatherTableViewCell.swift; sourceTree = "<group>"; };
		3B49ED762C94765C00EB4698 /* WeatherViewModel.swift */ = {isa = PBXFileReference; lastKnownFileType = sourcecode.swift; path = WeatherViewModel.swift; sourceTree = "<group>"; };
		3B49ED782C94791100EB4698 /* UINavigationController-extension.swift */ = {isa = PBXFileReference; lastKnownFileType = sourcecode.swift; path = "UINavigationController-extension.swift"; sourceTree = "<group>"; };
		3B79B74A2C94CB8900F11E53 /* EmptyStateView.swift */ = {isa = PBXFileReference; lastKnownFileType = sourcecode.swift; path = EmptyStateView.swift; sourceTree = "<group>"; };
		3B7BE1632C91C2B500718845 /* WeatherCheck.app */ = {isa = PBXFileReference; explicitFileType = wrapper.application; includeInIndex = 0; path = WeatherCheck.app; sourceTree = BUILT_PRODUCTS_DIR; };
		3B7BE1662C91C2B500718845 /* AppDelegate.swift */ = {isa = PBXFileReference; lastKnownFileType = sourcecode.swift; path = AppDelegate.swift; sourceTree = "<group>"; };
		3B7BE1682C91C2B500718845 /* SceneDelegate.swift */ = {isa = PBXFileReference; lastKnownFileType = sourcecode.swift; path = SceneDelegate.swift; sourceTree = "<group>"; };
		3B7BE16A2C91C2B500718845 /* CitiesViewController.swift */ = {isa = PBXFileReference; lastKnownFileType = sourcecode.swift; path = CitiesViewController.swift; sourceTree = "<group>"; };
		3B7BE16F2C91C2B700718845 /* Assets.xcassets */ = {isa = PBXFileReference; lastKnownFileType = folder.assetcatalog; path = Assets.xcassets; sourceTree = "<group>"; };
		3B7BE1722C91C2B700718845 /* Base */ = {isa = PBXFileReference; lastKnownFileType = file.storyboard; name = Base; path = Base.lproj/LaunchScreen.storyboard; sourceTree = "<group>"; };
		3B7BE1742C91C2B700718845 /* Info.plist */ = {isa = PBXFileReference; lastKnownFileType = text.plist.xml; path = Info.plist; sourceTree = "<group>"; };
		3B7BE1792C91C2B700718845 /* WeatherCheckTests.xctest */ = {isa = PBXFileReference; explicitFileType = wrapper.cfbundle; includeInIndex = 0; path = WeatherCheckTests.xctest; sourceTree = BUILT_PRODUCTS_DIR; };
		3B7BE17D2C91C2B700718845 /* WeatherCheckTests.swift */ = {isa = PBXFileReference; lastKnownFileType = sourcecode.swift; path = WeatherCheckTests.swift; sourceTree = "<group>"; };
		3B7BE1832C91C2B700718845 /* WeatherCheckUITests.xctest */ = {isa = PBXFileReference; explicitFileType = wrapper.cfbundle; includeInIndex = 0; path = WeatherCheckUITests.xctest; sourceTree = BUILT_PRODUCTS_DIR; };
		3B7BE1872C91C2B700718845 /* WeatherCheckUITests.swift */ = {isa = PBXFileReference; lastKnownFileType = sourcecode.swift; path = WeatherCheckUITests.swift; sourceTree = "<group>"; };
		3B7BE1892C91C2B700718845 /* WeatherCheckUITestsLaunchTests.swift */ = {isa = PBXFileReference; lastKnownFileType = sourcecode.swift; path = WeatherCheckUITestsLaunchTests.swift; sourceTree = "<group>"; };
/* End PBXFileReference section */

/* Begin PBXFrameworksBuildPhase section */
		3B7BE1602C91C2B500718845 /* Frameworks */ = {
			isa = PBXFrameworksBuildPhase;
			buildActionMask = 2147483647;
			files = (
				3B49ED3B2C91D75F00EB4698 /* WeatherData in Frameworks */,
				3B49ED452C9303CC00EB4698 /* LocationData in Frameworks */,
				3B49ED692C93BE6C00EB4698 /* RemoteImage in Frameworks */,
				3B31E7DA2C948DB8007D01FA /* Storage in Frameworks */,
				3B49ED472C9303CD00EB4698 /* Reminder in Frameworks */,
			);
			runOnlyForDeploymentPostprocessing = 0;
		};
		3B7BE1762C91C2B700718845 /* Frameworks */ = {
			isa = PBXFrameworksBuildPhase;
			buildActionMask = 2147483647;
			files = (
			);
			runOnlyForDeploymentPostprocessing = 0;
		};
		3B7BE1802C91C2B700718845 /* Frameworks */ = {
			isa = PBXFrameworksBuildPhase;
			buildActionMask = 2147483647;
			files = (
			);
			runOnlyForDeploymentPostprocessing = 0;
		};
/* End PBXFrameworksBuildPhase section */

/* Begin PBXGroup section */
		3B49ED342C91D6EC00EB4698 /* Modules */ = {
			isa = PBXGroup;
			children = (
				3B49ED352C91D6F100EB4698 /* Framewokrs */,
			);
			path = Modules;
			sourceTree = "<group>";
		};
		3B49ED352C91D6F100EB4698 /* Framewokrs */ = {
			isa = PBXGroup;
			children = (
				3B31E7D82C948DA2007D01FA /* Storage */,
				3B49ED672C93BDF900EB4698 /* RemoteImage */,
				3B49ED432C92582800EB4698 /* Reminder */,
				3B49ED3D2C91E03300EB4698 /* LocationData */,
				3B49ED362C91D70B00EB4698 /* WeatherData */,
			);
			path = Framewokrs;
			sourceTree = "<group>";
		};
		3B49ED392C91D75F00EB4698 /* Frameworks */ = {
			isa = PBXGroup;
			children = (
			);
			name = Frameworks;
			sourceTree = "<group>";
		};
		3B49ED482C930F3000EB4698 /* Utils */ = {
			isa = PBXGroup;
			children = (
				3B49ED622C93B91300EB4698 /* Extensions */,
				3B49ED492C930F3D00EB4698 /* NotificationsManager.swift */,
			);
			path = Utils;
			sourceTree = "<group>";
		};
		3B49ED4C2C93797400EB4698 /* Models */ = {
			isa = PBXGroup;
			children = (
				3B49ED4D2C93798100EB4698 /* CityModel.swift */,
			);
			path = Models;
			sourceTree = "<group>";
		};
		3B49ED4F2C937A2C00EB4698 /* Views */ = {
			isa = PBXGroup;
			children = (
				3B49ED6A2C93D17500EB4698 /* Weather */,
				3B49ED5B2C93906B00EB4698 /* AddCity */,
				3B49ED502C937A3400EB4698 /* Cities */,
			);
			path = Views;
			sourceTree = "<group>";
		};
		3B49ED502C937A3400EB4698 /* Cities */ = {
			isa = PBXGroup;
			children = (
				3B49ED562C937DD400EB4698 /* Views */,
				3B7BE16A2C91C2B500718845 /* CitiesViewController.swift */,
				3B49ED512C937A4700EB4698 /* CitiesViewModel.swift */,
			);
			path = Cities;
			sourceTree = "<group>";
		};
		3B49ED532C937A5C00EB4698 /* Repository */ = {
			isa = PBXGroup;
			children = (
				3B49ED6F2C94754500EB4698 /* WeatherRepositoryProtocol.swift */,
				3B49ED542C937A7300EB4698 /* WeatherRepository.swift */,
				3B49ED6D2C94746F00EB4698 /* MockRepository.swift */,
				3B31E7DB2C948DE2007D01FA /* WeatherDataSource.swift */,
			);
			path = Repository;
			sourceTree = "<group>";
		};
		3B49ED562C937DD400EB4698 /* Views */ = {
			isa = PBXGroup;
			children = (
				3B49ED572C937DE400EB4698 /* CityTableViewCell.swift */,
				3B79B74A2C94CB8900F11E53 /* EmptyStateView.swift */,
			);
			path = Views;
			sourceTree = "<group>";
		};
		3B49ED5B2C93906B00EB4698 /* AddCity */ = {
			isa = PBXGroup;
			children = (
				3B49ED602C9390CF00EB4698 /* AddCityViewController.swift */,
				3B49ED5E2C9390A700EB4698 /* AddCityViewModel.swift */,
			);
			path = AddCity;
			sourceTree = "<group>";
		};
		3B49ED622C93B91300EB4698 /* Extensions */ = {
			isa = PBXGroup;
			children = (
				3B49ED632C93B92000EB4698 /* Double-extension.swift */,
				3B49ED782C94791100EB4698 /* UINavigationController-extension.swift */,
			);
			path = Extensions;
			sourceTree = "<group>";
		};
		3B49ED6A2C93D17500EB4698 /* Weather */ = {
			isa = PBXGroup;
			children = (
				3B49ED752C94764C00EB4698 /* Views */,
				3B49ED6B2C93D19700EB4698 /* WeatherViewController.swift */,
				3B49ED762C94765C00EB4698 /* WeatherViewModel.swift */,
			);
			path = Weather;
			sourceTree = "<group>";
		};
		3B49ED752C94764C00EB4698 /* Views */ = {
			isa = PBXGroup;
			children = (
				3B49ED712C9475E200EB4698 /* CurrentWeatherHeaderView.swift */,
				3B49ED732C94760A00EB4698 /* DailyWeatherTableViewCell.swift */,
			);
			path = Views;
			sourceTree = "<group>";
		};
		3B7BE15A2C91C2B500718845 = {
			isa = PBXGroup;
			children = (
				3B7BE1652C91C2B500718845 /* WeatherCheck */,
				3B7BE17C2C91C2B700718845 /* WeatherCheckTests */,
				3B7BE1862C91C2B700718845 /* WeatherCheckUITests */,
				3B7BE1642C91C2B500718845 /* Products */,
				3B49ED392C91D75F00EB4698 /* Frameworks */,
			);
			sourceTree = "<group>";
		};
		3B7BE1642C91C2B500718845 /* Products */ = {
			isa = PBXGroup;
			children = (
				3B7BE1632C91C2B500718845 /* WeatherCheck.app */,
				3B7BE1792C91C2B700718845 /* WeatherCheckTests.xctest */,
				3B7BE1832C91C2B700718845 /* WeatherCheckUITests.xctest */,
			);
			name = Products;
			sourceTree = "<group>";
		};
		3B7BE1652C91C2B500718845 /* WeatherCheck */ = {
			isa = PBXGroup;
			children = (
				3B49ED4B2C936D2E00EB4698 /* WeatherCheck.entitlements */,
				3B49ED342C91D6EC00EB4698 /* Modules */,
				3B49ED4C2C93797400EB4698 /* Models */,
				3B49ED482C930F3000EB4698 /* Utils */,
				3B49ED532C937A5C00EB4698 /* Repository */,
				3B49ED4F2C937A2C00EB4698 /* Views */,
				3B7BE1662C91C2B500718845 /* AppDelegate.swift */,
				3B7BE1682C91C2B500718845 /* SceneDelegate.swift */,
				3B7BE16F2C91C2B700718845 /* Assets.xcassets */,
				3B7BE1712C91C2B700718845 /* LaunchScreen.storyboard */,
				3B7BE1742C91C2B700718845 /* Info.plist */,
				3B49ED372C91D73E00EB4698 /* Environment.swift */,
			);
			path = WeatherCheck;
			sourceTree = "<group>";
		};
		3B7BE17C2C91C2B700718845 /* WeatherCheckTests */ = {
			isa = PBXGroup;
			children = (
				3B7BE17D2C91C2B700718845 /* WeatherCheckTests.swift */,
			);
			path = WeatherCheckTests;
			sourceTree = "<group>";
		};
		3B7BE1862C91C2B700718845 /* WeatherCheckUITests */ = {
			isa = PBXGroup;
			children = (
				3B7BE1872C91C2B700718845 /* WeatherCheckUITests.swift */,
				3B7BE1892C91C2B700718845 /* WeatherCheckUITestsLaunchTests.swift */,
			);
			path = WeatherCheckUITests;
			sourceTree = "<group>";
		};
/* End PBXGroup section */

/* Begin PBXNativeTarget section */
		3B7BE1622C91C2B500718845 /* WeatherCheck */ = {
			isa = PBXNativeTarget;
			buildConfigurationList = 3B7BE18D2C91C2B700718845 /* Build configuration list for PBXNativeTarget "WeatherCheck" */;
			buildPhases = (
				3B7BE15F2C91C2B500718845 /* Sources */,
				3B7BE1602C91C2B500718845 /* Frameworks */,
				3B7BE1612C91C2B500718845 /* Resources */,
			);
			buildRules = (
			);
			dependencies = (
			);
			name = WeatherCheck;
			packageProductDependencies = (
				3B49ED3A2C91D75F00EB4698 /* WeatherData */,
				3B49ED442C9303CC00EB4698 /* LocationData */,
				3B49ED462C9303CD00EB4698 /* Reminder */,
				3B49ED682C93BE6C00EB4698 /* RemoteImage */,
				3B31E7D92C948DB8007D01FA /* Storage */,
			);
			productName = WeatherCheck;
			productReference = 3B7BE1632C91C2B500718845 /* WeatherCheck.app */;
			productType = "com.apple.product-type.application";
		};
		3B7BE1782C91C2B700718845 /* WeatherCheckTests */ = {
			isa = PBXNativeTarget;
			buildConfigurationList = 3B7BE1902C91C2B700718845 /* Build configuration list for PBXNativeTarget "WeatherCheckTests" */;
			buildPhases = (
				3B7BE1752C91C2B700718845 /* Sources */,
				3B7BE1762C91C2B700718845 /* Frameworks */,
				3B7BE1772C91C2B700718845 /* Resources */,
			);
			buildRules = (
			);
			dependencies = (
				3B7BE17B2C91C2B700718845 /* PBXTargetDependency */,
			);
			name = WeatherCheckTests;
			productName = WeatherCheckTests;
			productReference = 3B7BE1792C91C2B700718845 /* WeatherCheckTests.xctest */;
			productType = "com.apple.product-type.bundle.unit-test";
		};
		3B7BE1822C91C2B700718845 /* WeatherCheckUITests */ = {
			isa = PBXNativeTarget;
			buildConfigurationList = 3B7BE1932C91C2B700718845 /* Build configuration list for PBXNativeTarget "WeatherCheckUITests" */;
			buildPhases = (
				3B7BE17F2C91C2B700718845 /* Sources */,
				3B7BE1802C91C2B700718845 /* Frameworks */,
				3B7BE1812C91C2B700718845 /* Resources */,
			);
			buildRules = (
			);
			dependencies = (
				3B7BE1852C91C2B700718845 /* PBXTargetDependency */,
			);
			name = WeatherCheckUITests;
			productName = WeatherCheckUITests;
			productReference = 3B7BE1832C91C2B700718845 /* WeatherCheckUITests.xctest */;
			productType = "com.apple.product-type.bundle.ui-testing";
		};
/* End PBXNativeTarget section */

/* Begin PBXProject section */
		3B7BE15B2C91C2B500718845 /* Project object */ = {
			isa = PBXProject;
			attributes = {
				BuildIndependentTargetsInParallel = 1;
				LastSwiftUpdateCheck = 1540;
				LastUpgradeCheck = 1540;
				TargetAttributes = {
					3B7BE1622C91C2B500718845 = {
						CreatedOnToolsVersion = 15.4;
					};
					3B7BE1782C91C2B700718845 = {
						CreatedOnToolsVersion = 15.4;
						TestTargetID = 3B7BE1622C91C2B500718845;
					};
					3B7BE1822C91C2B700718845 = {
						CreatedOnToolsVersion = 15.4;
						TestTargetID = 3B7BE1622C91C2B500718845;
					};
				};
			};
			buildConfigurationList = 3B7BE15E2C91C2B500718845 /* Build configuration list for PBXProject "WeatherCheck" */;
			compatibilityVersion = "Xcode 14.0";
			developmentRegion = en;
			hasScannedForEncodings = 0;
			knownRegions = (
				en,
				Base,
			);
			mainGroup = 3B7BE15A2C91C2B500718845;
			productRefGroup = 3B7BE1642C91C2B500718845 /* Products */;
			projectDirPath = "";
			projectRoot = "";
			targets = (
				3B7BE1622C91C2B500718845 /* WeatherCheck */,
				3B7BE1782C91C2B700718845 /* WeatherCheckTests */,
				3B7BE1822C91C2B700718845 /* WeatherCheckUITests */,
			);
		};
/* End PBXProject section */

/* Begin PBXResourcesBuildPhase section */
		3B7BE1612C91C2B500718845 /* Resources */ = {
			isa = PBXResourcesBuildPhase;
			buildActionMask = 2147483647;
			files = (
				3B7BE1702C91C2B700718845 /* Assets.xcassets in Resources */,
				3B7BE1732C91C2B700718845 /* Base in Resources */,
			);
			runOnlyForDeploymentPostprocessing = 0;
		};
		3B7BE1772C91C2B700718845 /* Resources */ = {
			isa = PBXResourcesBuildPhase;
			buildActionMask = 2147483647;
			files = (
			);
			runOnlyForDeploymentPostprocessing = 0;
		};
		3B7BE1812C91C2B700718845 /* Resources */ = {
			isa = PBXResourcesBuildPhase;
			buildActionMask = 2147483647;
			files = (
			);
			runOnlyForDeploymentPostprocessing = 0;
		};
/* End PBXResourcesBuildPhase section */

/* Begin PBXSourcesBuildPhase section */
		3B7BE15F2C91C2B500718845 /* Sources */ = {
			isa = PBXSourcesBuildPhase;
			buildActionMask = 2147483647;
			files = (
				3B49ED722C9475E200EB4698 /* CurrentWeatherHeaderView.swift in Sources */,
				3B49ED772C94765C00EB4698 /* WeatherViewModel.swift in Sources */,
				3B49ED792C94791100EB4698 /* UINavigationController-extension.swift in Sources */,
				3B49ED742C94760A00EB4698 /* DailyWeatherTableViewCell.swift in Sources */,
				3B49ED582C937DE400EB4698 /* CityTableViewCell.swift in Sources */,
				3B49ED6E2C94746F00EB4698 /* MockRepository.swift in Sources */,
				3B79B74B2C94CB8900F11E53 /* EmptyStateView.swift in Sources */,
				3B49ED702C94754500EB4698 /* WeatherRepositoryProtocol.swift in Sources */,
				3B7BE16B2C91C2B500718845 /* CitiesViewController.swift in Sources */,
				3B49ED382C91D73E00EB4698 /* Environment.swift in Sources */,
				3B49ED552C937A7300EB4698 /* WeatherRepository.swift in Sources */,
				3B49ED6C2C93D19700EB4698 /* WeatherViewController.swift in Sources */,
				3B49ED5F2C9390A700EB4698 /* AddCityViewModel.swift in Sources */,
				3B49ED4E2C93798100EB4698 /* CityModel.swift in Sources */,
				3B49ED642C93B92000EB4698 /* Double-extension.swift in Sources */,
				3B49ED522C937A4700EB4698 /* CitiesViewModel.swift in Sources */,
				3B49ED612C9390CF00EB4698 /* AddCityViewController.swift in Sources */,
				3B7BE1672C91C2B500718845 /* AppDelegate.swift in Sources */,
				3B49ED4A2C930F3D00EB4698 /* NotificationsManager.swift in Sources */,
				3B31E7DC2C948DE2007D01FA /* WeatherDataSource.swift in Sources */,
				3B7BE1692C91C2B500718845 /* SceneDelegate.swift in Sources */,
			);
			runOnlyForDeploymentPostprocessing = 0;
		};
		3B7BE1752C91C2B700718845 /* Sources */ = {
			isa = PBXSourcesBuildPhase;
			buildActionMask = 2147483647;
			files = (
				3B7BE17E2C91C2B700718845 /* WeatherCheckTests.swift in Sources */,
			);
			runOnlyForDeploymentPostprocessing = 0;
		};
		3B7BE17F2C91C2B700718845 /* Sources */ = {
			isa = PBXSourcesBuildPhase;
			buildActionMask = 2147483647;
			files = (
				3B7BE18A2C91C2B700718845 /* WeatherCheckUITestsLaunchTests.swift in Sources */,
				3B7BE1882C91C2B700718845 /* WeatherCheckUITests.swift in Sources */,
			);
			runOnlyForDeploymentPostprocessing = 0;
		};
/* End PBXSourcesBuildPhase section */

/* Begin PBXTargetDependency section */
		3B7BE17B2C91C2B700718845 /* PBXTargetDependency */ = {
			isa = PBXTargetDependency;
			target = 3B7BE1622C91C2B500718845 /* WeatherCheck */;
			targetProxy = 3B7BE17A2C91C2B700718845 /* PBXContainerItemProxy */;
		};
		3B7BE1852C91C2B700718845 /* PBXTargetDependency */ = {
			isa = PBXTargetDependency;
			target = 3B7BE1622C91C2B500718845 /* WeatherCheck */;
			targetProxy = 3B7BE1842C91C2B700718845 /* PBXContainerItemProxy */;
		};
/* End PBXTargetDependency section */

/* Begin PBXVariantGroup section */
		3B7BE1712C91C2B700718845 /* LaunchScreen.storyboard */ = {
			isa = PBXVariantGroup;
			children = (
				3B7BE1722C91C2B700718845 /* Base */,
			);
			name = LaunchScreen.storyboard;
			sourceTree = "<group>";
		};
/* End PBXVariantGroup section */

/* Begin XCBuildConfiguration section */
		3B7BE18B2C91C2B700718845 /* Debug */ = {
			isa = XCBuildConfiguration;
			buildSettings = {
				ALWAYS_SEARCH_USER_PATHS = NO;
				ASSETCATALOG_COMPILER_GENERATE_SWIFT_ASSET_SYMBOL_EXTENSIONS = YES;
				CLANG_ANALYZER_NONNULL = YES;
				CLANG_ANALYZER_NUMBER_OBJECT_CONVERSION = YES_AGGRESSIVE;
				CLANG_CXX_LANGUAGE_STANDARD = "gnu++20";
				CLANG_ENABLE_MODULES = YES;
				CLANG_ENABLE_OBJC_ARC = YES;
				CLANG_ENABLE_OBJC_WEAK = YES;
				CLANG_WARN_BLOCK_CAPTURE_AUTORELEASING = YES;
				CLANG_WARN_BOOL_CONVERSION = YES;
				CLANG_WARN_COMMA = YES;
				CLANG_WARN_CONSTANT_CONVERSION = YES;
				CLANG_WARN_DEPRECATED_OBJC_IMPLEMENTATIONS = YES;
				CLANG_WARN_DIRECT_OBJC_ISA_USAGE = YES_ERROR;
				CLANG_WARN_DOCUMENTATION_COMMENTS = YES;
				CLANG_WARN_EMPTY_BODY = YES;
				CLANG_WARN_ENUM_CONVERSION = YES;
				CLANG_WARN_INFINITE_RECURSION = YES;
				CLANG_WARN_INT_CONVERSION = YES;
				CLANG_WARN_NON_LITERAL_NULL_CONVERSION = YES;
				CLANG_WARN_OBJC_IMPLICIT_RETAIN_SELF = YES;
				CLANG_WARN_OBJC_LITERAL_CONVERSION = YES;
				CLANG_WARN_OBJC_ROOT_CLASS = YES_ERROR;
				CLANG_WARN_QUOTED_INCLUDE_IN_FRAMEWORK_HEADER = YES;
				CLANG_WARN_RANGE_LOOP_ANALYSIS = YES;
				CLANG_WARN_STRICT_PROTOTYPES = YES;
				CLANG_WARN_SUSPICIOUS_MOVE = YES;
				CLANG_WARN_UNGUARDED_AVAILABILITY = YES_AGGRESSIVE;
				CLANG_WARN_UNREACHABLE_CODE = YES;
				CLANG_WARN__DUPLICATE_METHOD_MATCH = YES;
				COPY_PHASE_STRIP = NO;
				DEBUG_INFORMATION_FORMAT = dwarf;
				ENABLE_STRICT_OBJC_MSGSEND = YES;
				ENABLE_TESTABILITY = YES;
				ENABLE_USER_SCRIPT_SANDBOXING = YES;
				GCC_C_LANGUAGE_STANDARD = gnu17;
				GCC_DYNAMIC_NO_PIC = NO;
				GCC_NO_COMMON_BLOCKS = YES;
				GCC_OPTIMIZATION_LEVEL = 0;
				GCC_PREPROCESSOR_DEFINITIONS = (
					"DEBUG=1",
					"$(inherited)",
				);
				GCC_WARN_64_TO_32_BIT_CONVERSION = YES;
				GCC_WARN_ABOUT_RETURN_TYPE = YES_ERROR;
				GCC_WARN_UNDECLARED_SELECTOR = YES;
				GCC_WARN_UNINITIALIZED_AUTOS = YES_AGGRESSIVE;
				GCC_WARN_UNUSED_FUNCTION = YES;
				GCC_WARN_UNUSED_VARIABLE = YES;
				IPHONEOS_DEPLOYMENT_TARGET = 16.0;
				LOCALIZATION_PREFERS_STRING_CATALOGS = YES;
				MTL_ENABLE_DEBUG_INFO = INCLUDE_SOURCE;
				MTL_FAST_MATH = YES;
				ONLY_ACTIVE_ARCH = YES;
				SDKROOT = iphoneos;
				SWIFT_ACTIVE_COMPILATION_CONDITIONS = "DEBUG $(inherited)";
				SWIFT_OPTIMIZATION_LEVEL = "-Onone";
			};
			name = Debug;
		};
		3B7BE18C2C91C2B700718845 /* Release */ = {
			isa = XCBuildConfiguration;
			buildSettings = {
				ALWAYS_SEARCH_USER_PATHS = NO;
				ASSETCATALOG_COMPILER_GENERATE_SWIFT_ASSET_SYMBOL_EXTENSIONS = YES;
				CLANG_ANALYZER_NONNULL = YES;
				CLANG_ANALYZER_NUMBER_OBJECT_CONVERSION = YES_AGGRESSIVE;
				CLANG_CXX_LANGUAGE_STANDARD = "gnu++20";
				CLANG_ENABLE_MODULES = YES;
				CLANG_ENABLE_OBJC_ARC = YES;
				CLANG_ENABLE_OBJC_WEAK = YES;
				CLANG_WARN_BLOCK_CAPTURE_AUTORELEASING = YES;
				CLANG_WARN_BOOL_CONVERSION = YES;
				CLANG_WARN_COMMA = YES;
				CLANG_WARN_CONSTANT_CONVERSION = YES;
				CLANG_WARN_DEPRECATED_OBJC_IMPLEMENTATIONS = YES;
				CLANG_WARN_DIRECT_OBJC_ISA_USAGE = YES_ERROR;
				CLANG_WARN_DOCUMENTATION_COMMENTS = YES;
				CLANG_WARN_EMPTY_BODY = YES;
				CLANG_WARN_ENUM_CONVERSION = YES;
				CLANG_WARN_INFINITE_RECURSION = YES;
				CLANG_WARN_INT_CONVERSION = YES;
				CLANG_WARN_NON_LITERAL_NULL_CONVERSION = YES;
				CLANG_WARN_OBJC_IMPLICIT_RETAIN_SELF = YES;
				CLANG_WARN_OBJC_LITERAL_CONVERSION = YES;
				CLANG_WARN_OBJC_ROOT_CLASS = YES_ERROR;
				CLANG_WARN_QUOTED_INCLUDE_IN_FRAMEWORK_HEADER = YES;
				CLANG_WARN_RANGE_LOOP_ANALYSIS = YES;
				CLANG_WARN_STRICT_PROTOTYPES = YES;
				CLANG_WARN_SUSPICIOUS_MOVE = YES;
				CLANG_WARN_UNGUARDED_AVAILABILITY = YES_AGGRESSIVE;
				CLANG_WARN_UNREACHABLE_CODE = YES;
				CLANG_WARN__DUPLICATE_METHOD_MATCH = YES;
				COPY_PHASE_STRIP = NO;
				DEBUG_INFORMATION_FORMAT = "dwarf-with-dsym";
				ENABLE_NS_ASSERTIONS = NO;
				ENABLE_STRICT_OBJC_MSGSEND = YES;
				ENABLE_USER_SCRIPT_SANDBOXING = YES;
				GCC_C_LANGUAGE_STANDARD = gnu17;
				GCC_NO_COMMON_BLOCKS = YES;
				GCC_WARN_64_TO_32_BIT_CONVERSION = YES;
				GCC_WARN_ABOUT_RETURN_TYPE = YES_ERROR;
				GCC_WARN_UNDECLARED_SELECTOR = YES;
				GCC_WARN_UNINITIALIZED_AUTOS = YES_AGGRESSIVE;
				GCC_WARN_UNUSED_FUNCTION = YES;
				GCC_WARN_UNUSED_VARIABLE = YES;
				IPHONEOS_DEPLOYMENT_TARGET = 16.0;
				LOCALIZATION_PREFERS_STRING_CATALOGS = YES;
				MTL_ENABLE_DEBUG_INFO = NO;
				MTL_FAST_MATH = YES;
				SDKROOT = iphoneos;
				SWIFT_COMPILATION_MODE = wholemodule;
				VALIDATE_PRODUCT = YES;
			};
			name = Release;
		};
		3B7BE18E2C91C2B700718845 /* Debug */ = {
			isa = XCBuildConfiguration;
			buildSettings = {
				ASSETCATALOG_COMPILER_APPICON_NAME = AppIcon;
				ASSETCATALOG_COMPILER_GLOBAL_ACCENT_COLOR_NAME = AccentColor;
				CODE_SIGN_ENTITLEMENTS = WeatherCheck/WeatherCheck.entitlements;
				CODE_SIGN_STYLE = Automatic;
				CURRENT_PROJECT_VERSION = 1;
				DEVELOPMENT_TEAM = "";
				GENERATE_INFOPLIST_FILE = YES;
				INFOPLIST_FILE = WeatherCheck/Info.plist;
				INFOPLIST_KEY_NSCalendarsUsageDescription = "This app needs access to your calendar to add events.";
				INFOPLIST_KEY_NSLocationWhenInUseUsageDescription = "We need access to your location to show you relevant information.";
				INFOPLIST_KEY_UIApplicationSupportsIndirectInputEvents = YES;
				INFOPLIST_KEY_UILaunchStoryboardName = LaunchScreen;
				INFOPLIST_KEY_UIMainStoryboardFile = "";
				INFOPLIST_KEY_UISupportedInterfaceOrientations = UIInterfaceOrientationPortrait;
				INFOPLIST_KEY_UISupportedInterfaceOrientations_iPad = "UIInterfaceOrientationPortrait UIInterfaceOrientationPortraitUpsideDown";
				LD_RUNPATH_SEARCH_PATHS = (
					"$(inherited)",
					"@executable_path/Frameworks",
				);
				MARKETING_VERSION = 1.0;
				PRODUCT_BUNDLE_IDENTIFIER = com.javiermanzo.WeatherCheck;
				PRODUCT_NAME = "$(TARGET_NAME)";
				SWIFT_EMIT_LOC_STRINGS = YES;
				SWIFT_VERSION = 5.0;
				TARGETED_DEVICE_FAMILY = "1,2";
			};
			name = Debug;
		};
		3B7BE18F2C91C2B700718845 /* Release */ = {
			isa = XCBuildConfiguration;
			buildSettings = {
				ASSETCATALOG_COMPILER_APPICON_NAME = AppIcon;
				ASSETCATALOG_COMPILER_GLOBAL_ACCENT_COLOR_NAME = AccentColor;
				CODE_SIGN_ENTITLEMENTS = WeatherCheck/WeatherCheck.entitlements;
				CODE_SIGN_STYLE = Automatic;
				CURRENT_PROJECT_VERSION = 1;
				DEVELOPMENT_TEAM = "";
				GENERATE_INFOPLIST_FILE = YES;
				INFOPLIST_FILE = WeatherCheck/Info.plist;
				INFOPLIST_KEY_NSCalendarsUsageDescription = "This app needs access to your calendar to add events.";
				INFOPLIST_KEY_NSLocationWhenInUseUsageDescription = "We need access to your location to show you relevant information.";
				INFOPLIST_KEY_UIApplicationSupportsIndirectInputEvents = YES;
				INFOPLIST_KEY_UILaunchStoryboardName = LaunchScreen;
				INFOPLIST_KEY_UIMainStoryboardFile = "";
				INFOPLIST_KEY_UISupportedInterfaceOrientations = UIInterfaceOrientationPortrait;
				INFOPLIST_KEY_UISupportedInterfaceOrientations_iPad = "UIInterfaceOrientationPortrait UIInterfaceOrientationPortraitUpsideDown";
				LD_RUNPATH_SEARCH_PATHS = (
					"$(inherited)",
					"@executable_path/Frameworks",
				);
				MARKETING_VERSION = 1.0;
				PRODUCT_BUNDLE_IDENTIFIER = com.javiermanzo.WeatherCheck;
				PRODUCT_NAME = "$(TARGET_NAME)";
				SWIFT_EMIT_LOC_STRINGS = YES;
				SWIFT_VERSION = 5.0;
				TARGETED_DEVICE_FAMILY = "1,2";
			};
			name = Release;
		};
		3B7BE1912C91C2B700718845 /* Debug */ = {
			isa = XCBuildConfiguration;
			buildSettings = {
				ALWAYS_EMBED_SWIFT_STANDARD_LIBRARIES = YES;
				BUNDLE_LOADER = "$(TEST_HOST)";
				CODE_SIGN_STYLE = Automatic;
				CURRENT_PROJECT_VERSION = 1;
				GENERATE_INFOPLIST_FILE = YES;
				IPHONEOS_DEPLOYMENT_TARGET = 17.5;
				MARKETING_VERSION = 1.0;
				PRODUCT_BUNDLE_IDENTIFIER = com.javiermanzo.WeatherCheckTests;
				PRODUCT_NAME = "$(TARGET_NAME)";
				SWIFT_EMIT_LOC_STRINGS = NO;
				SWIFT_VERSION = 5.0;
				TARGETED_DEVICE_FAMILY = "1,2";
				TEST_HOST = "$(BUILT_PRODUCTS_DIR)/WeatherCheck.app/$(BUNDLE_EXECUTABLE_FOLDER_PATH)/WeatherCheck";
			};
			name = Debug;
		};
		3B7BE1922C91C2B700718845 /* Release */ = {
			isa = XCBuildConfiguration;
			buildSettings = {
				ALWAYS_EMBED_SWIFT_STANDARD_LIBRARIES = YES;
				BUNDLE_LOADER = "$(TEST_HOST)";
				CODE_SIGN_STYLE = Automatic;
				CURRENT_PROJECT_VERSION = 1;
				GENERATE_INFOPLIST_FILE = YES;
				IPHONEOS_DEPLOYMENT_TARGET = 17.5;
				MARKETING_VERSION = 1.0;
				PRODUCT_BUNDLE_IDENTIFIER = com.javiermanzo.WeatherCheckTests;
				PRODUCT_NAME = "$(TARGET_NAME)";
				SWIFT_EMIT_LOC_STRINGS = NO;
				SWIFT_VERSION = 5.0;
				TARGETED_DEVICE_FAMILY = "1,2";
				TEST_HOST = "$(BUILT_PRODUCTS_DIR)/WeatherCheck.app/$(BUNDLE_EXECUTABLE_FOLDER_PATH)/WeatherCheck";
			};
			name = Release;
		};
		3B7BE1942C91C2B700718845 /* Debug */ = {
			isa = XCBuildConfiguration;
			buildSettings = {
				ALWAYS_EMBED_SWIFT_STANDARD_LIBRARIES = YES;
				CODE_SIGN_STYLE = Automatic;
				CURRENT_PROJECT_VERSION = 1;
				GENERATE_INFOPLIST_FILE = YES;
				MARKETING_VERSION = 1.0;
				PRODUCT_BUNDLE_IDENTIFIER = com.javiermanzo.WeatherCheckUITests;
				PRODUCT_NAME = "$(TARGET_NAME)";
				SWIFT_EMIT_LOC_STRINGS = NO;
				SWIFT_VERSION = 5.0;
				TARGETED_DEVICE_FAMILY = "1,2";
				TEST_TARGET_NAME = WeatherCheck;
			};
			name = Debug;
		};
		3B7BE1952C91C2B700718845 /* Release */ = {
			isa = XCBuildConfiguration;
			buildSettings = {
				ALWAYS_EMBED_SWIFT_STANDARD_LIBRARIES = YES;
				CODE_SIGN_STYLE = Automatic;
				CURRENT_PROJECT_VERSION = 1;
				GENERATE_INFOPLIST_FILE = YES;
				MARKETING_VERSION = 1.0;
				PRODUCT_BUNDLE_IDENTIFIER = com.javiermanzo.WeatherCheckUITests;
				PRODUCT_NAME = "$(TARGET_NAME)";
				SWIFT_EMIT_LOC_STRINGS = NO;
				SWIFT_VERSION = 5.0;
				TARGETED_DEVICE_FAMILY = "1,2";
				TEST_TARGET_NAME = WeatherCheck;
			};
			name = Release;
		};
/* End XCBuildConfiguration section */

/* Begin XCConfigurationList section */
		3B7BE15E2C91C2B500718845 /* Build configuration list for PBXProject "WeatherCheck" */ = {
			isa = XCConfigurationList;
			buildConfigurations = (
				3B7BE18B2C91C2B700718845 /* Debug */,
				3B7BE18C2C91C2B700718845 /* Release */,
			);
			defaultConfigurationIsVisible = 0;
			defaultConfigurationName = Release;
		};
		3B7BE18D2C91C2B700718845 /* Build configuration list for PBXNativeTarget "WeatherCheck" */ = {
			isa = XCConfigurationList;
			buildConfigurations = (
				3B7BE18E2C91C2B700718845 /* Debug */,
				3B7BE18F2C91C2B700718845 /* Release */,
			);
			defaultConfigurationIsVisible = 0;
			defaultConfigurationName = Release;
		};
		3B7BE1902C91C2B700718845 /* Build configuration list for PBXNativeTarget "WeatherCheckTests" */ = {
			isa = XCConfigurationList;
			buildConfigurations = (
				3B7BE1912C91C2B700718845 /* Debug */,
				3B7BE1922C91C2B700718845 /* Release */,
			);
			defaultConfigurationIsVisible = 0;
			defaultConfigurationName = Release;
		};
		3B7BE1932C91C2B700718845 /* Build configuration list for PBXNativeTarget "WeatherCheckUITests" */ = {
			isa = XCConfigurationList;
			buildConfigurations = (
				3B7BE1942C91C2B700718845 /* Debug */,
				3B7BE1952C91C2B700718845 /* Release */,
			);
			defaultConfigurationIsVisible = 0;
			defaultConfigurationName = Release;
		};
/* End XCConfigurationList section */

/* Begin XCSwiftPackageProductDependency section */
		3B31E7D92C948DB8007D01FA /* Storage */ = {
			isa = XCSwiftPackageProductDependency;
			productName = Storage;
		};
		3B49ED3A2C91D75F00EB4698 /* WeatherData */ = {
			isa = XCSwiftPackageProductDependency;
			productName = WeatherData;
		};
		3B49ED442C9303CC00EB4698 /* LocationData */ = {
			isa = XCSwiftPackageProductDependency;
			productName = LocationData;
		};
		3B49ED462C9303CD00EB4698 /* Reminder */ = {
			isa = XCSwiftPackageProductDependency;
			productName = Reminder;
		};
		3B49ED682C93BE6C00EB4698 /* RemoteImage */ = {
			isa = XCSwiftPackageProductDependency;
			productName = RemoteImage;
		};
/* End XCSwiftPackageProductDependency section */
	};
	rootObject = 3B7BE15B2C91C2B500718845 /* Project object */;
}
